
Microsoft Visual Studio Solution File, Format Version 12.00
# Visual Studio Version 16
VisualStudioVersion = 16.0.29418.71
MinimumVisualStudioVersion = 10.0.40219.1
Project("{FAE04EC0-301F-11D3-BF4B-00C04F79EFBC}") = "SwitchCoverage", "SwitchCoverage\SwitchCoverage.csproj", "{597FF037-BABA-4815-A8AD-A896888589B1}"
EndProject
Project("{FAE04EC0-301F-11D3-BF4B-00C04F79EFBC}") = "SwitchCoverageTest1", "SwitchCoverageTest1\SwitchCoverageTest1.csproj", "{7AC4AED0-7CA0-411C-9F68-D6BFDB0E7129}"
EndProject
Project("{FAE04EC0-301F-11D3-BF4B-00C04F79EFBC}") = "NUnitTestProject1", "NUnitTestProject1\NUnitTestProject1.csproj", "{114FAFC1-4ED8-4A97-B5E3-6BF8A4448BBC}"
EndProject
Global
	GlobalSection(SolutionConfigurationPlatforms) = preSolution
		Debug|Any CPU = Debug|Any CPU
		Release|Any CPU = Release|Any CPU
	EndGlobalSection
	GlobalSection(ProjectConfigurationPlatforms) = postSolution
		{597FF037-BABA-4815-A8AD-A896888589B1}.Debug|Any CPU.ActiveCfg = Debug|Any CPU
		{597FF037-BABA-4815-A8AD-A896888589B1}.Debug|Any CPU.Build.0 = Debug|Any CPU
		{597FF037-BABA-4815-A8AD-A896888589B1}.Release|Any CPU.ActiveCfg = Release|Any CPU
		{597FF037-BABA-4815-A8AD-A896888589B1}.Release|Any CPU.Build.0 = Release|Any CPU
		{7AC4AED0-7CA0-411C-9F68-D6BFDB0E7129}.Debug|Any CPU.ActiveCfg = Debug|Any CPU
		{7AC4AED0-7CA0-411C-9F68-D6BFDB0E7129}.Debug|Any CPU.Build.0 = Debug|Any CPU
		{7AC4AED0-7CA0-411C-9F68-D6BFDB0E7129}.Release|Any CPU.ActiveCfg = Release|Any CPU
		{7AC4AED0-7CA0-411C-9F68-D6BFDB0E7129}.Release|Any CPU.Build.0 = Release|Any CPU
		{114FAFC1-4ED8-4A97-B5E3-6BF8A4448BBC}.Debug|Any CPU.ActiveCfg = Debug|Any CPU
		{114FAFC1-4ED8-4A97-B5E3-6BF8A4448BBC}.Debug|Any CPU.Build.0 = Debug|Any CPU
		{114FAFC1-4ED8-4A97-B5E3-6BF8A4448BBC}.Release|Any CPU.ActiveCfg = Release|Any CPU
		{114FAFC1-4ED8-4A97-B5E3-6BF8A4448BBC}.Release|Any CPU.Build.0 = Release|Any CPU
	EndGlobalSection
	GlobalSection(SolutionProperties) = preSolution
		HideSolutionNode = FALSE
	EndGlobalSection
	GlobalSection(ExtensibilityGlobals) = postSolution
		SolutionGuid = {659EB046-4CDF-4FDA-A7A3-29945CF04924}
	EndGlobalSection
EndGlobal
